
Microsoft Visual Studio Solution File, Format Version 12.00
# Visual Studio 15
VisualStudioVersion = 15.0.27130.2036
MinimumVisualStudioVersion = 10.0.40219.1
Project("{FAE04EC0-301F-11D3-BF4B-00C04F79EFBC}") = "WindowsFormsApp6", "WindowsFormsApp6\WindowsFormsApp6.csproj", "{E45CF356-EEF8-4F50-B670-35697BA25A2F}"
EndProject
Global
	GlobalSection(SolutionConfigurationPlatforms) = preSolution
		Debug|Any CPU = Debug|Any CPU
		Release|Any CPU = Release|Any CPU
	EndGlobalSection
	GlobalSection(ProjectConfigurationPlatforms) = postSolution
		{E45CF356-EEF8-4F50-B670-35697BA25A2F}.Debug|Any CPU.ActiveCfg = Debug|Any CPU
		{E45CF356-EEF8-4F50-B670-35697BA25A2F}.Debug|Any CPU.Build.0 = Debug|Any CPU
		{E45CF356-EEF8-4F50-B670-35697BA25A2F}.Release|Any CPU.ActiveCfg = Release|Any CPU
		{E45CF356-EEF8-4F50-B670-35697BA25A2F}.Release|Any CPU.Build.0 = Release|Any CPU
	EndGlobalSection
	GlobalSection(SolutionProperties) = preSolution
		HideSolutionNode = FALSE
	EndGlobalSection
	GlobalSection(ExtensibilityGlobals) = postSolution
		SolutionGuid = {CAE54ED5-5273-4A86-97E1-234E43E22132}
	EndGlobalSection
EndGlobal
